
Microsoft Visual Studio Solution File, Format Version 12.00
# Visual Studio Version 16
VisualStudioVersion = 16.0.32413.511
MinimumVisualStudioVersion = 10.0.40219.1
Project("{FAE04EC0-301F-11D3-BF4B-00C04F79EFBC}") = "BookManagementSystem.PresentationLayer", "BookMangementSystem.PresentationLayer\BookManagementSystem.PresentationLayer.csproj", "{CE1E5345-EB70-433C-8509-0CB62F0750F3}"
EndProject
Project("{FAE04EC0-301F-11D3-BF4B-00C04F79EFBC}") = "BookManagementLibrary.BusinessLogicLayer", "BookManagementLibrary.BusinessLogicLayer\BookManagementLibrary.BusinessLogicLayer.csproj", "{573CEBF3-E166-45A4-BD5D-AC871D358659}"
EndProject
Project("{FAE04EC0-301F-11D3-BF4B-00C04F79EFBC}") = "BookManagementLibrary.DataAccessLayer", "BookManagementLibrary.DataAccessLayer\BookManagementLibrary.DataAccessLayer.csproj", "{00A20F93-B787-47EF-AB3E-BC58CAF6E177}"
EndProject
Project("{FAE04EC0-301F-11D3-BF4B-00C04F79EFBC}") = "BookManagementLibrary.Entities", "BookManagementLibrary.Entities\BookManagementLibrary.Entities.csproj", "{07C9EB67-4A99-4F08-A71B-351DB5783DDA}"
EndProject
Project("{FAE04EC0-301F-11D3-BF4B-00C04F79EFBC}") = "BookManagementSystem.CustomException", "BookManagementSystem.CustomException\BookManagementSystem.CustomException.csproj", "{993B84DE-B048-411E-A2EA-E5C76DF44C8F}"
EndProject
Global
	GlobalSection(SolutionConfigurationPlatforms) = preSolution
		Debug|Any CPU = Debug|Any CPU
		Release|Any CPU = Release|Any CPU
	EndGlobalSection
	GlobalSection(ProjectConfigurationPlatforms) = postSolution
		{CE1E5345-EB70-433C-8509-0CB62F0750F3}.Debug|Any CPU.ActiveCfg = Debug|Any CPU
		{CE1E5345-EB70-433C-8509-0CB62F0750F3}.Debug|Any CPU.Build.0 = Debug|Any CPU
		{CE1E5345-EB70-433C-8509-0CB62F0750F3}.Release|Any CPU.ActiveCfg = Release|Any CPU
		{CE1E5345-EB70-433C-8509-0CB62F0750F3}.Release|Any CPU.Build.0 = Release|Any CPU
		{573CEBF3-E166-45A4-BD5D-AC871D358659}.Debug|Any CPU.ActiveCfg = Debug|Any CPU
		{573CEBF3-E166-45A4-BD5D-AC871D358659}.Debug|Any CPU.Build.0 = Debug|Any CPU
		{573CEBF3-E166-45A4-BD5D-AC871D358659}.Release|Any CPU.ActiveCfg = Release|Any CPU
		{573CEBF3-E166-45A4-BD5D-AC871D358659}.Release|Any CPU.Build.0 = Release|Any CPU
		{00A20F93-B787-47EF-AB3E-BC58CAF6E177}.Debug|Any CPU.ActiveCfg = Debug|Any CPU
		{00A20F93-B787-47EF-AB3E-BC58CAF6E177}.Debug|Any CPU.Build.0 = Debug|Any CPU
		{00A20F93-B787-47EF-AB3E-BC58CAF6E177}.Release|Any CPU.ActiveCfg = Release|Any CPU
		{00A20F93-B787-47EF-AB3E-BC58CAF6E177}.Release|Any CPU.Build.0 = Release|Any CPU
		{07C9EB67-4A99-4F08-A71B-351DB5783DDA}.Debug|Any CPU.ActiveCfg = Debug|Any CPU
		{07C9EB67-4A99-4F08-A71B-351DB5783DDA}.Debug|Any CPU.Build.0 = Debug|Any CPU
		{07C9EB67-4A99-4F08-A71B-351DB5783DDA}.Release|Any CPU.ActiveCfg = Release|Any CPU
		{07C9EB67-4A99-4F08-A71B-351DB5783DDA}.Release|Any CPU.Build.0 = Release|Any CPU
		{993B84DE-B048-411E-A2EA-E5C76DF44C8F}.Debug|Any CPU.ActiveCfg = Debug|Any CPU
		{993B84DE-B048-411E-A2EA-E5C76DF44C8F}.Debug|Any CPU.Build.0 = Debug|Any CPU
		{993B84DE-B048-411E-A2EA-E5C76DF44C8F}.Release|Any CPU.ActiveCfg = Release|Any CPU
		{993B84DE-B048-411E-A2EA-E5C76DF44C8F}.Release|Any CPU.Build.0 = Release|Any CPU
	EndGlobalSection
	GlobalSection(SolutionProperties) = preSolution
		HideSolutionNode = FALSE
	EndGlobalSection
	GlobalSection(ExtensibilityGlobals) = postSolution
		SolutionGuid = {4730A9DA-5541-4E3F-817F-3E722757AFD1}
	EndGlobalSection
EndGlobal
